Microsoft Visual Studio Solution File, Format Version 11.00
# Visual Studio 2008

Project("{BB3B25DF-94CA-C5D9-99F0-48CA50D578D2}") = "first_person_game", "Assembly-CSharp.csproj", "{782D6112-832C-99F4-0BA2-03E85BF319F1}"
EndProject
Global
	GlobalSection(SolutionConfigurationPlatforms) = preSolution
		Debug|Any CPU = Debug|Any CPU
		Release|Any CPU = Release|Any CPU
	EndGlobalSection
	GlobalSection(ProjectConfigurationPlatforms) = postSolution
		{782D6112-832C-99F4-0BA2-03E85BF319F1}.Debug|Any CPU.ActiveCfg = Debug|Any CPU
		{782D6112-832C-99F4-0BA2-03E85BF319F1}.Debug|Any CPU.Build.0 = Debug|Any CPU
		{782D6112-832C-99F4-0BA2-03E85BF319F1}.Release|Any CPU.ActiveCfg = Release|Any CPU
		{782D6112-832C-99F4-0BA2-03E85BF319F1}.Release|Any CPU.Build.0 = Release|Any CPU
	EndGlobalSection
	GlobalSection(SolutionProperties) = preSolution
		HideSolutionNode = FALSE
	EndGlobalSection
	GlobalSection(MonoDevelopProperties) = preSolution
		StartupItem = Assembly-CSharp.csproj
	EndGlobalSection
EndGlobal
